# This file was autogenerated by Stack.
# You should not edit this file by hand.
# For more information, please see the documentation at:
#   https://docs.haskellstack.org/en/stable/lock_files

packages:
- completed:
    hackage: lens-4.19.2@sha256:d6264016fb6e8232e3b8c77ce98e6b123691723ebb84165941facf090bc58f5b,15493
    pantry-tree:
      size: 8330
      sha256: 84518578f0899196983f10793d327cc153abd69b9ee029858cde7cdfc516a11e
  original:
    hackage: lens-4.19.2
snapshots:
- completed:
    size: 513207
    url: https://raw.githubusercontent.com/commercialhaskell/stackage-snapshots/master/nightly/2020/4/18.yaml
    sha256: 4a5cabc1856fdcb16da22374500213ccb850d608eadbe8130ff66de4614a66ff
  original: nightly-2020-04-18
