# This file was autogenerated by Stack.
# You should not edit this file by hand.
# For more information, please see the documentation at:
#   https://docs.haskellstack.org/en/stable/lock_files

packages:
- completed:
    hackage: lens-4.19.1@sha256:6bbc0b145b037537d468b0810ea2a560beda999f89444fe4101061c7892cd596,15551
    pantry-tree:
      size: 8329
      sha256: f51cd6be482804001bf9868fe4a552d01a6c3a4e367c16bd3df0ad74b755ac2c
  original:
    hackage: lens-4.19.1
snapshots:
- completed:
    size: 491372
    url: https://raw.githubusercontent.com/commercialhaskell/stackage-snapshots/master/lts/15/5.yaml
    sha256: 1b549cfff328040c382a70a84a2087aac8dab6d778bf92f32a93a771a1980dfc
  original: lts-15.5
