# This file was autogenerated by Stack.
# You should not edit this file by hand.
# For more information, please see the documentation at:
#   https://docs.haskellstack.org/en/stable/lock_files

packages: []
snapshots:
- completed:
    size: 476044
    url: https://raw.githubusercontent.com/commercialhaskell/stackage-snapshots/master/nightly/2020/2/7.yaml
    sha256: a7174109cf07ca2b5a1786650d4a916df18bff9fc4327cc857b4a84fd1a57e6c
  original: nightly-2020-02-07
